
Microsoft Visual Studio Solution File, Format Version 12.00
# Visual Studio Version 17
VisualStudioVersion = 17.0.31919.166
MinimumVisualStudioVersion = 10.0.40219.1
Project("{FAE04EC0-301F-11D3-BF4B-00C04F79EFBC}") = "Ws.Server", "Ws.Server\Ws.Server.csproj", "{7DF62D28-8EB3-460A-A45A-E4616339DBC6}"
EndProject
Project("{FAE04EC0-301F-11D3-BF4B-00C04F79EFBC}") = "Ws.Client", "Ws.Client\Ws.Client.csproj", "{BA2B5272-8379-4861-865C-3D22F82354E6}"
EndProject
Global
	GlobalSection(SolutionConfigurationPlatforms) = preSolution
		Debug|Any CPU = Debug|Any CPU
		Release|Any CPU = Release|Any CPU
	EndGlobalSection
	GlobalSection(ProjectConfigurationPlatforms) = postSolution
		{7DF62D28-8EB3-460A-A45A-E4616339DBC6}.Debug|Any CPU.ActiveCfg = Debug|Any CPU
		{7DF62D28-8EB3-460A-A45A-E4616339DBC6}.Debug|Any CPU.Build.0 = Debug|Any CPU
		{7DF62D28-8EB3-460A-A45A-E4616339DBC6}.Release|Any CPU.ActiveCfg = Release|Any CPU
		{7DF62D28-8EB3-460A-A45A-E4616339DBC6}.Release|Any CPU.Build.0 = Release|Any CPU
		{BA2B5272-8379-4861-865C-3D22F82354E6}.Debug|Any CPU.ActiveCfg = Debug|Any CPU
		{BA2B5272-8379-4861-865C-3D22F82354E6}.Debug|Any CPU.Build.0 = Debug|Any CPU
		{BA2B5272-8379-4861-865C-3D22F82354E6}.Release|Any CPU.ActiveCfg = Release|Any CPU
		{BA2B5272-8379-4861-865C-3D22F82354E6}.Release|Any CPU.Build.0 = Release|Any CPU
	EndGlobalSection
	GlobalSection(SolutionProperties) = preSolution
		HideSolutionNode = FALSE
	EndGlobalSection
	GlobalSection(ExtensibilityGlobals) = postSolution
		SolutionGuid = {47308967-55ED-47D0-8762-DCA161BD176B}
	EndGlobalSection
EndGlobal
